
Microsoft Visual Studio Solution File, Format Version 12.00
# Visual Studio 14
VisualStudioVersion = 14.0.24720.0
MinimumVisualStudioVersion = 10.0.40219.1
Project("{FAE04EC0-301F-11D3-BF4B-00C04F79EFBC}") = "LineEndingTest", "LineEndingTest\LineEndingTest.csproj", "{2F464AC2-F599-4E83-BB5A-D55FFA74119C}"
EndProject
Global
	GlobalSection(SolutionConfigurationPlatforms) = preSolution
		Debug|Any CPU = Debug|Any CPU
		Release|Any CPU = Release|Any CPU
	EndGlobalSection
	GlobalSection(ProjectConfigurationPlatforms) = postSolution
		{2F464AC2-F599-4E83-BB5A-D55FFA74119C}.Debug|Any CPU.ActiveCfg = Debug|Any CPU
		{2F464AC2-F599-4E83-BB5A-D55FFA74119C}.Debug|Any CPU.Build.0 = Debug|Any CPU
		{2F464AC2-F599-4E83-BB5A-D55FFA74119C}.Release|Any CPU.ActiveCfg = Release|Any CPU
		{2F464AC2-F599-4E83-BB5A-D55FFA74119C}.Release|Any CPU.Build.0 = Release|Any CPU
	EndGlobalSection
	GlobalSection(SolutionProperties) = preSolution
		HideSolutionNode = FALSE
	EndGlobalSection
EndGlobal
